{
  "name": "your-tribe-for-life-squad-page",
  "lockfileVersion": 3,
  "requires": true,
  "packages": {
    "": {
      "dependencies": {
        "@directus/sdk": "^17.0.1"
      }
    },
    "node_modules/@directus/sdk": {
      "version": "17.0.1",
      "resolved": "https://registry.npmjs.org/@directus/sdk/-/sdk-17.0.1.tgz",
      "integrity": "sha512-6TorT8am/8q2YmhLhGY1yZks2rFr31my5WqbXUPZs+4hPWYkTNThns2lfhZQ8w2KBh9DZ7v5SaghZNSIswUOwA==",
      "engines": {
        "node": ">=18.0.0"
      },
      "funding": {
        "url": "https://github.com/directus/directus?sponsor=1"
      }
    }
  }
}
